// !$*UTF8*$!
{
	archiveVersion = 1;
	classes = {
	};
	objectVersion = 50;
	objects = {

/* Begin PBXBuildFile section */
		7C777C502613663B005C376D /* AppDelegate.swift in Sources */ = {isa = PBXBuildFile; fileRef = 7C777C4F2613663B005C376D /* AppDelegate.swift */; };
		7C777C522613663B005C376D /* SceneDelegate.swift in Sources */ = {isa = PBXBuildFile; fileRef = 7C777C512613663B005C376D /* SceneDelegate.swift */; };
		7C777C542613663B005C376D /* ViewController.swift in Sources */ = {isa = PBXBuildFile; fileRef = 7C777C532613663B005C376D /* ViewController.swift */; };
		7C777C572613663B005C376D /* Main.storyboard in Resources */ = {isa = PBXBuildFile; fileRef = 7C777C552613663B005C376D /* Main.storyboard */; };
		7C777C592613663C005C376D /* Assets.xcassets in Resources */ = {isa = PBXBuildFile; fileRef = 7C777C582613663C005C376D /* Assets.xcassets */; };
		7C777C5C2613663C005C376D /* LaunchScreen.storyboard in Resources */ = {isa = PBXBuildFile; fileRef = 7C777C5A2613663C005C376D /* LaunchScreen.storyboard */; };
		7C777C6526136BB3005C376D /* GoogleService-Info.plist in Resources */ = {isa = PBXBuildFile; fileRef = 7C777C6426136BB3005C376D /* GoogleService-Info.plist */; };
		E2976B487F1E452D93D76D8B /* Pods_FirebaseStart.framework in Frameworks */ = {isa = PBXBuildFile; fileRef = 0A2CCDAC287444C7D7C4723A /* Pods_FirebaseStart.framework */; };
/* End PBXBuildFile section */

/* Begin PBXFileReference section */
		0A2CCDAC287444C7D7C4723A /* Pods_FirebaseStart.framework */ = {isa = PBXFileReference; explicitFileType = wrapper.framework; includeInIndex = 0; path = Pods_FirebaseStart.framework; sourceTree = BUILT_PRODUCTS_DIR; };
		7C777C4C2613663B005C376D /* FirebaseStart.app */ = {isa = PBXFileReference; explicitFileType = wrapper.application; includeInIndex = 0; path = FirebaseStart.app; sourceTree = BUILT_PRODUCTS_DIR; };
		7C777C4F2613663B005C376D /* AppDelegate.swift */ = {isa = PBXFileReference; lastKnownFileType = sourcecode.swift; path = AppDelegate.swift; sourceTree = "<group>"; };
		7C777C512613663B005C376D /* SceneDelegate.swift */ = {isa = PBXFileReference; lastKnownFileType = sourcecode.swift; path = SceneDelegate.swift; sourceTree = "<group>"; };
		7C777C532613663B005C376D /* ViewController.swift */ = {isa = PBXFileReference; lastKnownFileType = sourcecode.swift; path = ViewController.swift; sourceTree = "<group>"; };
		7C777C562613663B005C376D /* Base */ = {isa = PBXFileReference; lastKnownFileType = file.storyboard; name = Base; path = Base.lproj/Main.storyboard; sourceTree = "<group>"; };
		7C777C582613663C005C376D /* Assets.xcassets */ = {isa = PBXFileReference; lastKnownFileType = folder.assetcatalog; path = Assets.xcassets; sourceTree = "<group>"; };
		7C777C5B2613663C005C376D /* Base */ = {isa = PBXFileReference; lastKnownFileType = file.storyboard; name = Base; path = Base.lproj/LaunchScreen.storyboard; sourceTree = "<group>"; };
		7C777C5D2613663C005C376D /* Info.plist */ = {isa = PBXFileReference; lastKnownFileType = text.plist.xml; path = Info.plist; sourceTree = "<group>"; };
		7C777C6426136BB3005C376D /* GoogleService-Info.plist */ = {isa = PBXFileReference; fileEncoding = 4; lastKnownFileType = text.plist.xml; name = "GoogleService-Info.plist"; path = "../../../Downloads/GoogleService-Info.plist"; sourceTree = "<group>"; };
		8E5002EBA2832E5980F67ADD /* Pods-FirebaseStart.release.xcconfig */ = {isa = PBXFileReference; includeInIndex = 1; lastKnownFileType = text.xcconfig; name = "Pods-FirebaseStart.release.xcconfig"; path = "Target Support Files/Pods-FirebaseStart/Pods-FirebaseStart.release.xcconfig"; sourceTree = "<group>"; };
		FD40229186AEF37B22FCBFE1 /* Pods-FirebaseStart.debug.xcconfig */ = {isa = PBXFileReference; includeInIndex = 1; lastKnownFileType = text.xcconfig; name = "Pods-FirebaseStart.debug.xcconfig"; path = "Target Support Files/Pods-FirebaseStart/Pods-FirebaseStart.debug.xcconfig"; sourceTree = "<group>"; };
/* End PBXFileReference section */

/* Begin PBXFrameworksBuildPhase section */
		7C777C492613663B005C376D /* Frameworks */ = {
			isa = PBXFrameworksBuildPhase;
			buildActionMask = 2147483647;
			files = (
				E2976B487F1E452D93D76D8B /* Pods_FirebaseStart.framework in Frameworks */,
			);
			runOnlyForDeploymentPostprocessing = 0;
		};
/* End PBXFrameworksBuildPhase section */

/* Begin PBXGroup section */
		7C777C432613663B005C376D = {
			isa = PBXGroup;
			children = (
				7C777C4E2613663B005C376D /* FirebaseStart */,
				7C777C4D2613663B005C376D /* Products */,
				B0D552C3518C79FC4820BEE0 /* Pods */,
				E60100A31AE448A7F0C4D602 /* Frameworks */,
			);
			sourceTree = "<group>";
		};
		7C777C4D2613663B005C376D /* Products */ = {
			isa = PBXGroup;
			children = (
				7C777C4C2613663B005C376D /* FirebaseStart.app */,
			);
			name = Products;
			sourceTree = "<group>";
		};
		7C777C4E2613663B005C376D /* FirebaseStart */ = {
			isa = PBXGroup;
			children = (
				7C777C4F2613663B005C376D /* AppDelegate.swift */,
				7C777C512613663B005C376D /* SceneDelegate.swift */,
				7C777C532613663B005C376D /* ViewController.swift */,
				7C777C552613663B005C376D /* Main.storyboard */,
				7C777C582613663C005C376D /* Assets.xcassets */,
				7C777C5A2613663C005C376D /* LaunchScreen.storyboard */,
				7C777C5D2613663C005C376D /* Info.plist */,
				7C777C6426136BB3005C376D /* GoogleService-Info.plist */,
			);
			path = FirebaseStart;
			sourceTree = "<group>";
		};
		B0D552C3518C79FC4820BEE0 /* Pods */ = {
			isa = PBXGroup;
			children = (
				FD40229186AEF37B22FCBFE1 /* Pods-FirebaseStart.debug.xcconfig */,
				8E5002EBA2832E5980F67ADD /* Pods-FirebaseStart.release.xcconfig */,
			);
			name = Pods;
			path = Pods;
			sourceTree = "<group>";
		};
		E60100A31AE448A7F0C4D602 /* Frameworks */ = {
			isa = PBXGroup;
			children = (
				0A2CCDAC287444C7D7C4723A /* Pods_FirebaseStart.framework */,
			);
			name = Frameworks;
			sourceTree = "<group>";
		};
/* End PBXGroup section */

/* Begin PBXNativeTarget section */
		7C777C4B2613663B005C376D /* FirebaseStart */ = {
			isa = PBXNativeTarget;
			buildConfigurationList = 7C777C602613663C005C376D /* Build configuration list for PBXNativeTarget "FirebaseStart" */;
			buildPhases = (
				E4FDA47831FB34CA0EF009AD /* [CP] Check Pods Manifest.lock */,
				7C777C482613663B005C376D /* Sources */,
				7C777C492613663B005C376D /* Frameworks */,
				7C777C4A2613663B005C376D /* Resources */,
				706463AE6D2CBB0414ACB7D4 /* [CP] Embed Pods Frameworks */,
			);
			buildRules = (
			);
			dependencies = (
			);
			name = FirebaseStart;
			productName = FirebaseStart;
			productReference = 7C777C4C2613663B005C376D /* FirebaseStart.app */;
			productType = "com.apple.product-type.application";
		};
/* End PBXNativeTarget section */

/* Begin PBXProject section */
		7C777C442613663B005C376D /* Project object */ = {
			isa = PBXProject;
			attributes = {
				LastSwiftUpdateCheck = 1230;
				LastUpgradeCheck = 1230;
				TargetAttributes = {
					7C777C4B2613663B005C376D = {
						CreatedOnToolsVersion = 12.3;
					};
				};
			};
			buildConfigurationList = 7C777C472613663B005C376D /* Build configuration list for PBXProject "FirebaseStart" */;
			compatibilityVersion = "Xcode 9.3";
			developmentRegion = en;
			hasScannedForEncodings = 0;
			knownRegions = (
				en,
				Base,
			);
			mainGroup = 7C777C432613663B005C376D;
			productRefGroup = 7C777C4D2613663B005C376D /* Products */;
			projectDirPath = "";
			projectRoot = "";
			targets = (
				7C777C4B2613663B005C376D /* FirebaseStart */,
			);
		};
/* End PBXProject section */

/* Begin PBXResourcesBuildPhase section */
		7C777C4A2613663B005C376D /* Resources */ = {
			isa = PBXResourcesBuildPhase;
			buildActionMask = 2147483647;
			files = (
				7C777C5C2613663C005C376D /* LaunchScreen.storyboard in Resources */,
				7C777C6526136BB3005C376D /* GoogleService-Info.plist in Resources */,
				7C777C592613663C005C376D /* Assets.xcassets in Resources */,
				7C777C572613663B005C376D /* Main.storyboard in Resources */,
			);
			runOnlyForDeploymentPostprocessing = 0;
		};
/* End PBXResourcesBuildPhase section */

/* Begin PBXShellScriptBuildPhase section */
		706463AE6D2CBB0414ACB7D4 /* [CP] Embed Pods Frameworks */ = {
			isa = PBXShellScriptBuildPhase;
			buildActionMask = 2147483647;
			files = (
			);
			inputFileListPaths = (
				"${PODS_ROOT}/Target Support Files/Pods-FirebaseStart/Pods-FirebaseStart-frameworks-${CONFIGURATION}-input-files.xcfilelist",
			);
			name = "[CP] Embed Pods Frameworks";
			outputFileListPaths = (
				"${PODS_ROOT}/Target Support Files/Pods-FirebaseStart/Pods-FirebaseStart-frameworks-${CONFIGURATION}-output-files.xcfilelist",
			);
			runOnlyForDeploymentPostprocessing = 0;
			shellPath = /bin/sh;
			shellScript = "\"${PODS_ROOT}/Target Support Files/Pods-FirebaseStart/Pods-FirebaseStart-frameworks.sh\"\n";
			showEnvVarsInLog = 0;
		};
		E4FDA47831FB34CA0EF009AD /* [CP] Check Pods Manifest.lock */ = {
			isa = PBXShellScriptBuildPhase;
			buildActionMask = 2147483647;
			files = (
			);
			inputFileListPaths = (
			);
			inputPaths = (
				"${PODS_PODFILE_DIR_PATH}/Podfile.lock",
				"${PODS_ROOT}/Manifest.lock",
			);
			name = "[CP] Check Pods Manifest.lock";
			outputFileListPaths = (
			);
			outputPaths = (
				"$(DERIVED_FILE_DIR)/Pods-FirebaseStart-checkManifestLockResult.txt",
			);
			runOnlyForDeploymentPostprocessing = 0;
			shellPath = /bin/sh;
			shellScript = "diff \"${PODS_PODFILE_DIR_PATH}/Podfile.lock\" \"${PODS_ROOT}/Manifest.lock\" > /dev/null\nif [ $? != 0 ] ; then\n    # print error to STDERR\n    echo \"error: The sandbox is not in sync with the Podfile.lock. Run 'pod install' or update your CocoaPods installation.\" >&2\n    exit 1\nfi\n# This output is used by Xcode 'outputs' to avoid re-running this script phase.\necho \"SUCCESS\" > \"${SCRIPT_OUTPUT_FILE_0}\"\n";
			showEnvVarsInLog = 0;
		};
/* End PBXShellScriptBuildPhase section */

/* Begin PBXSourcesBuildPhase section */
		7C777C482613663B005C376D /* Sources */ = {
			isa = PBXSourcesBuildPhase;
			buildActionMask = 2147483647;
			files = (
				7C777C542613663B005C376D /* ViewController.swift in Sources */,
				7C777C502613663B005C376D /* AppDelegate.swift in Sources */,
				7C777C522613663B005C376D /* SceneDelegate.swift in Sources */,
			);
			runOnlyForDeploymentPostprocessing = 0;
		};
/* End PBXSourcesBuildPhase section */

/* Begin PBXVariantGroup section */
		7C777C552613663B005C376D /* Main.storyboard */ = {
			isa = PBXVariantGroup;
			children = (
				7C777C562613663B005C376D /* Base */,
			);
			name = Main.storyboard;
			sourceTree = "<group>";
		};
		7C777C5A2613663C005C376D /* LaunchScreen.storyboard */ = {
			isa = PBXVariantGroup;
			children = (
				7C777C5B2613663C005C376D /* Base */,
			);
			name = LaunchScreen.storyboard;
			sourceTree = "<group>";
		};
/* End PBXVariantGroup section */

/* Begin XCBuildConfiguration section */
		7C777C5E2613663C005C376D /* Debug */ = {
			isa = XCBuildConfiguration;
			buildSettings = {
				ALWAYS_SEARCH_USER_PATHS = NO;
				CLANG_ANALYZER_NONNULL = YES;
				CLANG_ANALYZER_NUMBER_OBJECT_CONVERSION = YES_AGGRESSIVE;
				CLANG_CXX_LANGUAGE_STANDARD = "gnu++14";
				CLANG_CXX_LIBRARY = "libc++";
				CLANG_ENABLE_MODULES = YES;
				CLANG_ENABLE_OBJC_ARC = YES;
				CLANG_ENABLE_OBJC_WEAK = YES;
				CLANG_WARN_BLOCK_CAPTURE_AUTORELEASING = YES;
				CLANG_WARN_BOOL_CONVERSION = YES;
				CLANG_WARN_COMMA = YES;
				CLANG_WARN_CONSTANT_CONVERSION = YES;
				CLANG_WARN_DEPRECATED_OBJC_IMPLEMENTATIONS = YES;
				CLANG_WARN_DIRECT_OBJC_ISA_USAGE = YES_ERROR;
				CLANG_WARN_DOCUMENTATION_COMMENTS = YES;
				CLANG_WARN_EMPTY_BODY = YES;
				CLANG_WARN_ENUM_CONVERSION = YES;
				CLANG_WARN_INFINITE_RECURSION = YES;
				CLANG_WARN_INT_CONVERSION = YES;
				CLANG_WARN_NON_LITERAL_NULL_CONVERSION = YES;
				CLANG_WARN_OBJC_IMPLICIT_RETAIN_SELF = YES;
				CLANG_WARN_OBJC_LITERAL_CONVERSION = YES;
				CLANG_WARN_OBJC_ROOT_CLASS = YES_ERROR;
				CLANG_WARN_QUOTED_INCLUDE_IN_FRAMEWORK_HEADER = YES;
				CLANG_WARN_RANGE_LOOP_ANALYSIS = YES;
				CLANG_WARN_STRICT_PROTOTYPES = YES;
				CLANG_WARN_SUSPICIOUS_MOVE = YES;
				CLANG_WARN_UNGUARDED_AVAILABILITY = YES_AGGRESSIVE;
				CLANG_WARN_UNREACHABLE_CODE = YES;
				CLANG_WARN__DUPLICATE_METHOD_MATCH = YES;
				COPY_PHASE_STRIP = NO;
				DEBUG_INFORMATION_FORMAT = dwarf;
				ENABLE_STRICT_OBJC_MSGSEND = YES;
				ENABLE_TESTABILITY = YES;
				GCC_C_LANGUAGE_STANDARD = gnu11;
				GCC_DYNAMIC_NO_PIC = NO;
				GCC_NO_COMMON_BLOCKS = YES;
				GCC_OPTIMIZATION_LEVEL = 0;
				GCC_PREPROCESSOR_DEFINITIONS = (
					"DEBUG=1",
					"$(inherited)",
				);
				GCC_WARN_64_TO_32_BIT_CONVERSION = YES;
				GCC_WARN_ABOUT_RETURN_TYPE = YES_ERROR;
				GCC_WARN_UNDECLARED_SELECTOR = YES;
				GCC_WARN_UNINITIALIZED_AUTOS = YES_AGGRESSIVE;
				GCC_WARN_UNUSED_FUNCTION = YES;
				GCC_WARN_UNUSED_VARIABLE = YES;
				IPHONEOS_DEPLOYMENT_TARGET = 14.3;
				MTL_ENABLE_DEBUG_INFO = INCLUDE_SOURCE;
				MTL_FAST_MATH = YES;
				ONLY_ACTIVE_ARCH = YES;
				SDKROOT = iphoneos;
				SWIFT_ACTIVE_COMPILATION_CONDITIONS = DEBUG;
				SWIFT_OPTIMIZATION_LEVEL = "-Onone";
			};
			name = Debug;
		};
		7C777C5F2613663C005C376D /* Release */ = {
			isa = XCBuildConfiguration;
			buildSettings = {
				ALWAYS_SEARCH_USER_PATHS = NO;
				CLANG_ANALYZER_NONNULL = YES;
				CLANG_ANALYZER_NUMBER_OBJECT_CONVERSION = YES_AGGRESSIVE;
				CLANG_CXX_LANGUAGE_STANDARD = "gnu++14";
				CLANG_CXX_LIBRARY = "libc++";
				CLANG_ENABLE_MODULES = YES;
				CLANG_ENABLE_OBJC_ARC = YES;
				CLANG_ENABLE_OBJC_WEAK = YES;
				CLANG_WARN_BLOCK_CAPTURE_AUTORELEASING = YES;
				CLANG_WARN_BOOL_CONVERSION = YES;
				CLANG_WARN_COMMA = YES;
				CLANG_WARN_CONSTANT_CONVERSION = YES;
				CLANG_WARN_DEPRECATED_OBJC_IMPLEMENTATIONS = YES;
				CLANG_WARN_DIRECT_OBJC_ISA_USAGE = YES_ERROR;
				CLANG_WARN_DOCUMENTATION_COMMENTS = YES;
				CLANG_WARN_EMPTY_BODY = YES;
				CLANG_WARN_ENUM_CONVERSION = YES;
				CLANG_WARN_INFINITE_RECURSION = YES;
				CLANG_WARN_INT_CONVERSION = YES;
				CLANG_WARN_NON_LITERAL_NULL_CONVERSION = YES;
				CLANG_WARN_OBJC_IMPLICIT_RETAIN_SELF = YES;
				CLANG_WARN_OBJC_LITERAL_CONVERSION = YES;
				CLANG_WARN_OBJC_ROOT_CLASS = YES_ERROR;
				CLANG_WARN_QUOTED_INCLUDE_IN_FRAMEWORK_HEADER = YES;
				CLANG_WARN_RANGE_LOOP_ANALYSIS = YES;
				CLANG_WARN_STRICT_PROTOTYPES = YES;
				CLANG_WARN_SUSPICIOUS_MOVE = YES;
				CLANG_WARN_UNGUARDED_AVAILABILITY = YES_AGGRESSIVE;
				CLANG_WARN_UNREACHABLE_CODE = YES;
				CLANG_WARN__DUPLICATE_METHOD_MATCH = YES;
				COPY_PHASE_STRIP = NO;
				DEBUG_INFORMATION_FORMAT = "dwarf-with-dsym";
				ENABLE_NS_ASSERTIONS = NO;
				ENABLE_STRICT_OBJC_MSGSEND = YES;
				GCC_C_LANGUAGE_STANDARD = gnu11;
				GCC_NO_COMMON_BLOCKS = YES;
				GCC_WARN_64_TO_32_BIT_CONVERSION = YES;
				GCC_WARN_ABOUT_RETURN_TYPE = YES_ERROR;
				GCC_WARN_UNDECLARED_SELECTOR = YES;
				GCC_WARN_UNINITIALIZED_AUTOS = YES_AGGRESSIVE;
				GCC_WARN_UNUSED_FUNCTION = YES;
				GCC_WARN_UNUSED_VARIABLE = YES;
				IPHONEOS_DEPLOYMENT_TARGET = 14.3;
				MTL_ENABLE_DEBUG_INFO = NO;
				MTL_FAST_MATH = YES;
				SDKROOT = iphoneos;
				SWIFT_COMPILATION_MODE = wholemodule;
				SWIFT_OPTIMIZATION_LEVEL = "-O";
				VALIDATE_PRODUCT = YES;
			};
			name = Release;
		};
		7C777C612613663C005C376D /* Debug */ = {
			isa = XCBuildConfiguration;
			baseConfigurationReference = FD40229186AEF37B22FCBFE1 /* Pods-FirebaseStart.debug.xcconfig */;
			buildSettings = {
				ASSETCATALOG_COMPILER_APPICON_NAME = AppIcon;
				ASSETCATALOG_COMPILER_GLOBAL_ACCENT_COLOR_NAME = AccentColor;
				CODE_SIGN_STYLE = Automatic;
				DEVELOPMENT_TEAM = 2Z7YX43544;
				INFOPLIST_FILE = FirebaseStart/Info.plist;
				LD_RUNPATH_SEARCH_PATHS = (
					"$(inherited)",
					"@executable_path/Frameworks",
				);
				PRODUCT_BUNDLE_IDENTIFIER = com.pptaa.FirebaseStart;
				PRODUCT_NAME = "$(TARGET_NAME)";
				SWIFT_VERSION = 5.0;
				TARGETED_DEVICE_FAMILY = "1,2";
			};
			name = Debug;
		};
		7C777C622613663C005C376D /* Release */ = {
			isa = XCBuildConfiguration;
			baseConfigurationReference = 8E5002EBA2832E5980F67ADD /* Pods-FirebaseStart.release.xcconfig */;
			buildSettings = {
				ASSETCATALOG_COMPILER_APPICON_NAME = AppIcon;
				ASSETCATALOG_COMPILER_GLOBAL_ACCENT_COLOR_NAME = AccentColor;
				CODE_SIGN_STYLE = Automatic;
				DEVELOPMENT_TEAM = 2Z7YX43544;
				INFOPLIST_FILE = FirebaseStart/Info.plist;
				LD_RUNPATH_SEARCH_PATHS = (
					"$(inherited)",
					"@executable_path/Frameworks",
				);
				PRODUCT_BUNDLE_IDENTIFIER = com.pptaa.FirebaseStart;
				PRODUCT_NAME = "$(TARGET_NAME)";
				SWIFT_VERSION = 5.0;
				TARGETED_DEVICE_FAMILY = "1,2";
			};
			name = Release;
		};
/* End XCBuildConfiguration section */

/* Begin XCConfigurationList section */
		7C777C472613663B005C376D /* Build configuration list for PBXProject "FirebaseStart" */ = {
			isa = XCConfigurationList;
			buildConfigurations = (
				7C777C5E2613663C005C376D /* Debug */,
				7C777C5F2613663C005C376D /* Release */,
			);
			defaultConfigurationIsVisible = 0;
			defaultConfigurationName = Release;
		};
		7C777C602613663C005C376D /* Build configuration list for PBXNativeTarget "FirebaseStart" */ = {
			isa = XCConfigurationList;
			buildConfigurations = (
				7C777C612613663C005C376D /* Debug */,
				7C777C622613663C005C376D /* Release */,
			);
			defaultConfigurationIsVisible = 0;
			defaultConfigurationName = Release;
		};
/* End XCConfigurationList section */
	};
	rootObject = 7C777C442613663B005C376D /* Project object */;
}
